
Microsoft Visual Studio Solution File, Format Version 12.00
# Visual Studio 2012
Project("{FAE04EC0-301F-11D3-BF4B-00C04F79EFBC}") = "WicresoftDev.CSharpLogic", "WicresoftDev.CSharpLogic\WicresoftDev.CSharpLogic.csproj", "{7C7C9E5C-B39C-44ED-9948-9831D037A09E}"
EndProject
Project("{FAE04EC0-301F-11D3-BF4B-00C04F79EFBC}") = "LogicTest", "LogicTest\LogicTest.csproj", "{9450F74F-4C8B-4065-B24B-B5D7D5CC86B1}"
EndProject
Global
	GlobalSection(SolutionConfigurationPlatforms) = preSolution
		Debug|Any CPU = Debug|Any CPU
		Release|Any CPU = Release|Any CPU
	EndGlobalSection
	GlobalSection(ProjectConfigurationPlatforms) = postSolution
		{7C7C9E5C-B39C-44ED-9948-9831D037A09E}.Debug|Any CPU.ActiveCfg = Debug|Any CPU
		{7C7C9E5C-B39C-44ED-9948-9831D037A09E}.Debug|Any CPU.Build.0 = Debug|Any CPU
		{7C7C9E5C-B39C-44ED-9948-9831D037A09E}.Release|Any CPU.ActiveCfg = Release|Any CPU
		{7C7C9E5C-B39C-44ED-9948-9831D037A09E}.Release|Any CPU.Build.0 = Release|Any CPU
		{9450F74F-4C8B-4065-B24B-B5D7D5CC86B1}.Debug|Any CPU.ActiveCfg = Debug|Any CPU
		{9450F74F-4C8B-4065-B24B-B5D7D5CC86B1}.Debug|Any CPU.Build.0 = Debug|Any CPU
		{9450F74F-4C8B-4065-B24B-B5D7D5CC86B1}.Release|Any CPU.ActiveCfg = Release|Any CPU
		{9450F74F-4C8B-4065-B24B-B5D7D5CC86B1}.Release|Any CPU.Build.0 = Release|Any CPU
	EndGlobalSection
	GlobalSection(SolutionProperties) = preSolution
		HideSolutionNode = FALSE
	EndGlobalSection
EndGlobal
