
Microsoft Visual Studio Solution File, Format Version 12.00
# Visual Studio 2012
Project("{FAE04EC0-301F-11D3-BF4B-00C04F79EFBC}") = "TestFunction", "TestFunction\TestFunction.csproj", "{6FDF59D7-C467-4DA5-B6F4-A7A8E3346A51}"
EndProject
Global
	GlobalSection(SolutionConfigurationPlatforms) = preSolution
		Debug|Any CPU = Debug|Any CPU
		Release|Any CPU = Release|Any CPU
	EndGlobalSection
	GlobalSection(ProjectConfigurationPlatforms) = postSolution
		{6FDF59D7-C467-4DA5-B6F4-A7A8E3346A51}.Debug|Any CPU.ActiveCfg = Debug|Any CPU
		{6FDF59D7-C467-4DA5-B6F4-A7A8E3346A51}.Debug|Any CPU.Build.0 = Debug|Any CPU
		{6FDF59D7-C467-4DA5-B6F4-A7A8E3346A51}.Release|Any CPU.ActiveCfg = Release|Any CPU
		{6FDF59D7-C467-4DA5-B6F4-A7A8E3346A51}.Release|Any CPU.Build.0 = Release|Any CPU
	EndGlobalSection
	GlobalSection(SolutionProperties) = preSolution
		HideSolutionNode = FALSE
	EndGlobalSection
EndGlobal
